
Microsoft Visual Studio Solution File, Format Version 12.00
# Visual Studio Version 17
VisualStudioVersion = 17.6.33815.320
MinimumVisualStudioVersion = 10.0.40219.1
Project("{FAE04EC0-301F-11D3-BF4B-00C04F79EFBC}") = "WorkShop.API", "WorkShop.API\WorkShop.API.csproj", "{0D2136E2-95C9-458A-9F51-84FA310C1AE1}"
EndProject
Project("{FAE04EC0-301F-11D3-BF4B-00C04F79EFBC}") = "WorkShop.Core", "WorkShop.Core\WorkShop.Core.csproj", "{A95CD9EE-F632-4EC2-9803-8EDF15C566CC}"
EndProject
Project("{FAE04EC0-301F-11D3-BF4B-00C04F79EFBC}") = "WorkShop.EFCore", "WorkShop.EFCore\WorkShop.EFCore.csproj", "{1F61D440-9995-40C5-A704-E94783192B15}"
EndProject
Project("{FAE04EC0-301F-11D3-BF4B-00C04F79EFBC}") = "WorkShop.Business", "WorkShop.Business\WorkShop.Business.csproj", "{C73721A5-35AB-4519-8670-FE7E6A7B9A71}"
EndProject
Project("{FAE04EC0-301F-11D3-BF4B-00C04F79EFBC}") = "WorkShop.WebMvc", "WorkShop.WebMvc\WorkShop.WebMvc.csproj", "{7344FA6C-26CE-49DF-A510-5513F0178979}"
EndProject
Project("{2150E333-8FDC-42A3-9474-1A3956D46DE8}") = "Presentation", "Presentation", "{DF0C8043-ED1F-4208-A7FC-EED8EDA8EAC4}"
EndProject
Global
	GlobalSection(SolutionConfigurationPlatforms) = preSolution
		Debug|Any CPU = Debug|Any CPU
		Release|Any CPU = Release|Any CPU
	EndGlobalSection
	GlobalSection(ProjectConfigurationPlatforms) = postSolution
		{0D2136E2-95C9-458A-9F51-84FA310C1AE1}.Debug|Any CPU.ActiveCfg = Debug|Any CPU
		{0D2136E2-95C9-458A-9F51-84FA310C1AE1}.Debug|Any CPU.Build.0 = Debug|Any CPU
		{0D2136E2-95C9-458A-9F51-84FA310C1AE1}.Release|Any CPU.ActiveCfg = Release|Any CPU
		{0D2136E2-95C9-458A-9F51-84FA310C1AE1}.Release|Any CPU.Build.0 = Release|Any CPU
		{A95CD9EE-F632-4EC2-9803-8EDF15C566CC}.Debug|Any CPU.ActiveCfg = Debug|Any CPU
		{A95CD9EE-F632-4EC2-9803-8EDF15C566CC}.Debug|Any CPU.Build.0 = Debug|Any CPU
		{A95CD9EE-F632-4EC2-9803-8EDF15C566CC}.Release|Any CPU.ActiveCfg = Release|Any CPU
		{A95CD9EE-F632-4EC2-9803-8EDF15C566CC}.Release|Any CPU.Build.0 = Release|Any CPU
		{1F61D440-9995-40C5-A704-E94783192B15}.Debug|Any CPU.ActiveCfg = Debug|Any CPU
		{1F61D440-9995-40C5-A704-E94783192B15}.Debug|Any CPU.Build.0 = Debug|Any CPU
		{1F61D440-9995-40C5-A704-E94783192B15}.Release|Any CPU.ActiveCfg = Release|Any CPU
		{1F61D440-9995-40C5-A704-E94783192B15}.Release|Any CPU.Build.0 = Release|Any CPU
		{C73721A5-35AB-4519-8670-FE7E6A7B9A71}.Debug|Any CPU.ActiveCfg = Debug|Any CPU
		{C73721A5-35AB-4519-8670-FE7E6A7B9A71}.Debug|Any CPU.Build.0 = Debug|Any CPU
		{C73721A5-35AB-4519-8670-FE7E6A7B9A71}.Release|Any CPU.ActiveCfg = Release|Any CPU
		{C73721A5-35AB-4519-8670-FE7E6A7B9A71}.Release|Any CPU.Build.0 = Release|Any CPU
		{7344FA6C-26CE-49DF-A510-5513F0178979}.Debug|Any CPU.ActiveCfg = Debug|Any CPU
		{7344FA6C-26CE-49DF-A510-5513F0178979}.Debug|Any CPU.Build.0 = Debug|Any CPU
		{7344FA6C-26CE-49DF-A510-5513F0178979}.Release|Any CPU.ActiveCfg = Release|Any CPU
		{7344FA6C-26CE-49DF-A510-5513F0178979}.Release|Any CPU.Build.0 = Release|Any CPU
	EndGlobalSection
	GlobalSection(SolutionProperties) = preSolution
		HideSolutionNode = FALSE
	EndGlobalSection
	GlobalSection(NestedProjects) = preSolution
		{0D2136E2-95C9-458A-9F51-84FA310C1AE1} = {DF0C8043-ED1F-4208-A7FC-EED8EDA8EAC4}
		{7344FA6C-26CE-49DF-A510-5513F0178979} = {DF0C8043-ED1F-4208-A7FC-EED8EDA8EAC4}
	EndGlobalSection
	GlobalSection(ExtensibilityGlobals) = postSolution
		SolutionGuid = {FECE5008-1EFE-4251-B4E0-2BBFBDB73D7F}
	EndGlobalSection
EndGlobal
